// !$*UTF8*$!
{
	archiveVersion = 1;
	classes = {
	};
	objectVersion = 46;
	objects = {

/* Begin PBXBuildFile section */
		4C376B351F67E92F005CAAAB /* main.m in Sources */ = {isa = PBXBuildFile; fileRef = 4C376B341F67E92F005CAAAB /* main.m */; };
		4C376B381F67E92F005CAAAB /* AppDelegate.m in Sources */ = {isa = PBXBuildFile; fileRef = 4C376B371F67E92F005CAAAB /* AppDelegate.m */; };
		4C376B3B1F67E92F005CAAAB /* ViewController.m in Sources */ = {isa = PBXBuildFile; fileRef = 4C376B3A1F67E92F005CAAAB /* ViewController.m */; };
		4C376B3E1F67E92F005CAAAB /* Main.storyboard in Resources */ = {isa = PBXBuildFile; fileRef = 4C376B3C1F67E92F005CAAAB /* Main.storyboard */; };
		4C376B401F67E92F005CAAAB /* Assets.xcassets in Resources */ = {isa = PBXBuildFile; fileRef = 4C376B3F1F67E92F005CAAAB /* Assets.xcassets */; };
		4C376B431F67E92F005CAAAB /* LaunchScreen.storyboard in Resources */ = {isa = PBXBuildFile; fileRef = 4C376B411F67E92F005CAAAB /* LaunchScreen.storyboard */; };
		4C376B501F67EA0B005CAAAB /* TableViewCell.m in Sources */ = {isa = PBXBuildFile; fileRef = 4C376B4F1F67EA0B005CAAAB /* TableViewCell.m */; };
		4C376B541F67EA21005CAAAB /* Section_RoutWork.m in Sources */ = {isa = PBXBuildFile; fileRef = 4C376B521F67EA21005CAAAB /* Section_RoutWork.m */; };
		4C376B551F67EA21005CAAAB /* Section_RoutWork.xib in Resources */ = {isa = PBXBuildFile; fileRef = 4C376B531F67EA21005CAAAB /* Section_RoutWork.xib */; };
/* End PBXBuildFile section */

/* Begin PBXFileReference section */
		4C376B301F67E92F005CAAAB /* FoldingTable.app */ = {isa = PBXFileReference; explicitFileType = wrapper.application; includeInIndex = 0; path = FoldingTable.app; sourceTree = BUILT_PRODUCTS_DIR; };
		4C376B341F67E92F005CAAAB /* main.m */ = {isa = PBXFileReference; lastKnownFileType = sourcecode.c.objc; path = main.m; sourceTree = "<group>"; };
		4C376B361F67E92F005CAAAB /* AppDelegate.h */ = {isa = PBXFileReference; lastKnownFileType = sourcecode.c.h; path = AppDelegate.h; sourceTree = "<group>"; };
		4C376B371F67E92F005CAAAB /* AppDelegate.m */ = {isa = PBXFileReference; lastKnownFileType = sourcecode.c.objc; path = AppDelegate.m; sourceTree = "<group>"; };
		4C376B391F67E92F005CAAAB /* ViewController.h */ = {isa = PBXFileReference; lastKnownFileType = sourcecode.c.h; path = ViewController.h; sourceTree = "<group>"; };
		4C376B3A1F67E92F005CAAAB /* ViewController.m */ = {isa = PBXFileReference; lastKnownFileType = sourcecode.c.objc; path = ViewController.m; sourceTree = "<group>"; };
		4C376B3D1F67E92F005CAAAB /* Base */ = {isa = PBXFileReference; lastKnownFileType = file.storyboard; name = Base; path = Base.lproj/Main.storyboard; sourceTree = "<group>"; };
		4C376B3F1F67E92F005CAAAB /* Assets.xcassets */ = {isa = PBXFileReference; lastKnownFileType = folder.assetcatalog; path = Assets.xcassets; sourceTree = "<group>"; };
		4C376B421F67E92F005CAAAB /* Base */ = {isa = PBXFileReference; lastKnownFileType = file.storyboard; name = Base; path = Base.lproj/LaunchScreen.storyboard; sourceTree = "<group>"; };
		4C376B441F67E92F005CAAAB /* Info.plist */ = {isa = PBXFileReference; lastKnownFileType = text.plist.xml; path = Info.plist; sourceTree = "<group>"; };
		4C376B4E1F67EA0B005CAAAB /* TableViewCell.h */ = {isa = PBXFileReference; fileEncoding = 4; lastKnownFileType = sourcecode.c.h; path = TableViewCell.h; sourceTree = "<group>"; };
		4C376B4F1F67EA0B005CAAAB /* TableViewCell.m */ = {isa = PBXFileReference; fileEncoding = 4; lastKnownFileType = sourcecode.c.objc; path = TableViewCell.m; sourceTree = "<group>"; };
		4C376B511F67EA21005CAAAB /* Section_RoutWork.h */ = {isa = PBXFileReference; fileEncoding = 4; lastKnownFileType = sourcecode.c.h; path = Section_RoutWork.h; sourceTree = "<group>"; };
		4C376B521F67EA21005CAAAB /* Section_RoutWork.m */ = {isa = PBXFileReference; fileEncoding = 4; lastKnownFileType = sourcecode.c.objc; path = Section_RoutWork.m; sourceTree = "<group>"; };
		4C376B531F67EA21005CAAAB /* Section_RoutWork.xib */ = {isa = PBXFileReference; fileEncoding = 4; lastKnownFileType = file.xib; path = Section_RoutWork.xib; sourceTree = "<group>"; };
/* End PBXFileReference section */

/* Begin PBXFrameworksBuildPhase section */
		4C376B2D1F67E92F005CAAAB /* Frameworks */ = {
			isa = PBXFrameworksBuildPhase;
			buildActionMask = 2147483647;
			files = (
			);
			runOnlyForDeploymentPostprocessing = 0;
		};
/* End PBXFrameworksBuildPhase section */

/* Begin PBXGroup section */
		4C376B271F67E92F005CAAAB = {
			isa = PBXGroup;
			children = (
				4C376B321F67E92F005CAAAB /* FoldingTable */,
				4C376B311F67E92F005CAAAB /* Products */,
			);
			sourceTree = "<group>";
		};
		4C376B311F67E92F005CAAAB /* Products */ = {
			isa = PBXGroup;
			children = (
				4C376B301F67E92F005CAAAB /* FoldingTable.app */,
			);
			name = Products;
			sourceTree = "<group>";
		};
		4C376B321F67E92F005CAAAB /* FoldingTable */ = {
			isa = PBXGroup;
			children = (
				4C376B361F67E92F005CAAAB /* AppDelegate.h */,
				4C376B371F67E92F005CAAAB /* AppDelegate.m */,
				4C376B391F67E92F005CAAAB /* ViewController.h */,
				4C376B3A1F67E92F005CAAAB /* ViewController.m */,
				4C376B3C1F67E92F005CAAAB /* Main.storyboard */,
				4C376B4D1F67EA0B005CAAAB /* View */,
				4C376B3F1F67E92F005CAAAB /* Assets.xcassets */,
				4C376B411F67E92F005CAAAB /* LaunchScreen.storyboard */,
				4C376B441F67E92F005CAAAB /* Info.plist */,
				4C376B331F67E92F005CAAAB /* Supporting Files */,
			);
			path = FoldingTable;
			sourceTree = "<group>";
		};
		4C376B331F67E92F005CAAAB /* Supporting Files */ = {
			isa = PBXGroup;
			children = (
				4C376B341F67E92F005CAAAB /* main.m */,
			);
			name = "Supporting Files";
			sourceTree = "<group>";
		};
		4C376B4D1F67EA0B005CAAAB /* View */ = {
			isa = PBXGroup;
			children = (
				4C376B511F67EA21005CAAAB /* Section_RoutWork.h */,
				4C376B521F67EA21005CAAAB /* Section_RoutWork.m */,
				4C376B531F67EA21005CAAAB /* Section_RoutWork.xib */,
				4C376B4E1F67EA0B005CAAAB /* TableViewCell.h */,
				4C376B4F1F67EA0B005CAAAB /* TableViewCell.m */,
			);
			path = View;
			sourceTree = "<group>";
		};
/* End PBXGroup section */

/* Begin PBXNativeTarget section */
		4C376B2F1F67E92F005CAAAB /* FoldingTable */ = {
			isa = PBXNativeTarget;
			buildConfigurationList = 4C376B471F67E92F005CAAAB /* Build configuration list for PBXNativeTarget "FoldingTable" */;
			buildPhases = (
				4C376B2C1F67E92F005CAAAB /* Sources */,
				4C376B2D1F67E92F005CAAAB /* Frameworks */,
				4C376B2E1F67E92F005CAAAB /* Resources */,
			);
			buildRules = (
			);
			dependencies = (
			);
			name = FoldingTable;
			productName = FoldingTable;
			productReference = 4C376B301F67E92F005CAAAB /* FoldingTable.app */;
			productType = "com.apple.product-type.application";
		};
/* End PBXNativeTarget section */

/* Begin PBXProject section */
		4C376B281F67E92F005CAAAB /* Project object */ = {
			isa = PBXProject;
			attributes = {
				LastUpgradeCheck = 0830;
				ORGANIZATIONNAME = Michael;
				TargetAttributes = {
					4C376B2F1F67E92F005CAAAB = {
						CreatedOnToolsVersion = 8.3.2;
						ProvisioningStyle = Automatic;
					};
				};
			};
			buildConfigurationList = 4C376B2B1F67E92F005CAAAB /* Build configuration list for PBXProject "FoldingTable" */;
			compatibilityVersion = "Xcode 3.2";
			developmentRegion = English;
			hasScannedForEncodings = 0;
			knownRegions = (
				en,
				Base,
			);
			mainGroup = 4C376B271F67E92F005CAAAB;
			productRefGroup = 4C376B311F67E92F005CAAAB /* Products */;
			projectDirPath = "";
			projectRoot = "";
			targets = (
				4C376B2F1F67E92F005CAAAB /* FoldingTable */,
			);
		};
/* End PBXProject section */

/* Begin PBXResourcesBuildPhase section */
		4C376B2E1F67E92F005CAAAB /* Resources */ = {
			isa = PBXResourcesBuildPhase;
			buildActionMask = 2147483647;
			files = (
				4C376B431F67E92F005CAAAB /* LaunchScreen.storyboard in Resources */,
				4C376B401F67E92F005CAAAB /* Assets.xcassets in Resources */,
				4C376B551F67EA21005CAAAB /* Section_RoutWork.xib in Resources */,
				4C376B3E1F67E92F005CAAAB /* Main.storyboard in Resources */,
			);
			runOnlyForDeploymentPostprocessing = 0;
		};
/* End PBXResourcesBuildPhase section */

/* Begin PBXSourcesBuildPhase section */
		4C376B2C1F67E92F005CAAAB /* Sources */ = {
			isa = PBXSourcesBuildPhase;
			buildActionMask = 2147483647;
			files = (
				4C376B3B1F67E92F005CAAAB /* ViewController.m in Sources */,
				4C376B501F67EA0B005CAAAB /* TableViewCell.m in Sources */,
				4C376B381F67E92F005CAAAB /* AppDelegate.m in Sources */,
				4C376B541F67EA21005CAAAB /* Section_RoutWork.m in Sources */,
				4C376B351F67E92F005CAAAB /* main.m in Sources */,
			);
			runOnlyForDeploymentPostprocessing = 0;
		};
/* End PBXSourcesBuildPhase section */

/* Begin PBXVariantGroup section */
		4C376B3C1F67E92F005CAAAB /* Main.storyboard */ = {
			isa = PBXVariantGroup;
			children = (
				4C376B3D1F67E92F005CAAAB /* Base */,
			);
			name = Main.storyboard;
			sourceTree = "<group>";
		};
		4C376B411F67E92F005CAAAB /* LaunchScreen.storyboard */ = {
			isa = PBXVariantGroup;
			children = (
				4C376B421F67E92F005CAAAB /* Base */,
			);
			name = LaunchScreen.storyboard;
			sourceTree = "<group>";
		};
/* End PBXVariantGroup section */

/* Begin XCBuildConfiguration section */
		4C376B451F67E92F005CAAAB /* Debug */ = {
			isa = XCBuildConfiguration;
			buildSettings = {
				ALWAYS_SEARCH_USER_PATHS = NO;
				CLANG_ANALYZER_NONNULL = YES;
				CLANG_ANALYZER_NUMBER_OBJECT_CONVERSION = YES_AGGRESSIVE;
				CLANG_CXX_LANGUAGE_STANDARD = "gnu++0x";
				CLANG_CXX_LIBRARY = "libc++";
				CLANG_ENABLE_MODULES = YES;
				CLANG_ENABLE_OBJC_ARC = YES;
				CLANG_WARN_BOOL_CONVERSION = YES;
				CLANG_WARN_CONSTANT_CONVERSION = YES;
				CLANG_WARN_DIRECT_OBJC_ISA_USAGE = YES_ERROR;
				CLANG_WARN_DOCUMENTATION_COMMENTS = YES;
				CLANG_WARN_EMPTY_BODY = YES;
				CLANG_WARN_ENUM_CONVERSION = YES;
				CLANG_WARN_INFINITE_RECURSION = YES;
				CLANG_WARN_INT_CONVERSION = YES;
				CLANG_WARN_OBJC_ROOT_CLASS = YES_ERROR;
				CLANG_WARN_SUSPICIOUS_MOVE = YES;
				CLANG_WARN_UNREACHABLE_CODE = YES;
				CLANG_WARN__DUPLICATE_METHOD_MATCH = YES;
				"CODE_SIGN_IDENTITY[sdk=iphoneos*]" = "iPhone Developer";
				COPY_PHASE_STRIP = NO;
				DEBUG_INFORMATION_FORMAT = dwarf;
				ENABLE_STRICT_OBJC_MSGSEND = YES;
				ENABLE_TESTABILITY = YES;
				GCC_C_LANGUAGE_STANDARD = gnu99;
				GCC_DYNAMIC_NO_PIC = NO;
				GCC_NO_COMMON_BLOCKS = YES;
				GCC_OPTIMIZATION_LEVEL = 0;
				GCC_PREPROCESSOR_DEFINITIONS = (
					"DEBUG=1",
					"$(inherited)",
				);
				GCC_WARN_64_TO_32_BIT_CONVERSION = YES;
				GCC_WARN_ABOUT_RETURN_TYPE = YES_ERROR;
				GCC_WARN_UNDECLARED_SELECTOR = YES;
				GCC_WARN_UNINITIALIZED_AUTOS = YES_AGGRESSIVE;
				GCC_WARN_UNUSED_FUNCTION = YES;
				GCC_WARN_UNUSED_VARIABLE = YES;
				IPHONEOS_DEPLOYMENT_TARGET = 10.3;
				MTL_ENABLE_DEBUG_INFO = YES;
				ONLY_ACTIVE_ARCH = YES;
				SDKROOT = iphoneos;
				TARGETED_DEVICE_FAMILY = "1,2";
			};
			name = Debug;
		};
		4C376B461F67E92F005CAAAB /* Release */ = {
			isa = XCBuildConfiguration;
			buildSettings = {
				ALWAYS_SEARCH_USER_PATHS = NO;
				CLANG_ANALYZER_NONNULL = YES;
				CLANG_ANALYZER_NUMBER_OBJECT_CONVERSION = YES_AGGRESSIVE;
				CLANG_CXX_LANGUAGE_STANDARD = "gnu++0x";
				CLANG_CXX_LIBRARY = "libc++";
				CLANG_ENABLE_MODULES = YES;
				CLANG_ENABLE_OBJC_ARC = YES;
				CLANG_WARN_BOOL_CONVERSION = YES;
				CLANG_WARN_CONSTANT_CONVERSION = YES;
				CLANG_WARN_DIRECT_OBJC_ISA_USAGE = YES_ERROR;
				CLANG_WARN_DOCUMENTATION_COMMENTS = YES;
				CLANG_WARN_EMPTY_BODY = YES;
				CLANG_WARN_ENUM_CONVERSION = YES;
				CLANG_WARN_INFINITE_RECURSION = YES;
				CLANG_WARN_INT_CONVERSION = YES;
				CLANG_WARN_OBJC_ROOT_CLASS = YES_ERROR;
				CLANG_WARN_SUSPICIOUS_MOVE = YES;
				CLANG_WARN_UNREACHABLE_CODE = YES;
				CLANG_WARN__DUPLICATE_METHOD_MATCH = YES;
				"CODE_SIGN_IDENTITY[sdk=iphoneos*]" = "iPhone Developer";
				COPY_PHASE_STRIP = NO;
				DEBUG_INFORMATION_FORMAT = "dwarf-with-dsym";
				ENABLE_NS_ASSERTIONS = NO;
				ENABLE_STRICT_OBJC_MSGSEND = YES;
				GCC_C_LANGUAGE_STANDARD = gnu99;
				GCC_NO_COMMON_BLOCKS = YES;
				GCC_WARN_64_TO_32_BIT_CONVERSION = YES;
				GCC_WARN_ABOUT_RETURN_TYPE = YES_ERROR;
				GCC_WARN_UNDECLARED_SELECTOR = YES;
				GCC_WARN_UNINITIALIZED_AUTOS = YES_AGGRESSIVE;
				GCC_WARN_UNUSED_FUNCTION = YES;
				GCC_WARN_UNUSED_VARIABLE = YES;
				IPHONEOS_DEPLOYMENT_TARGET = 10.3;
				MTL_ENABLE_DEBUG_INFO = NO;
				SDKROOT = iphoneos;
				TARGETED_DEVICE_FAMILY = "1,2";
				VALIDATE_PRODUCT = YES;
			};
			name = Release;
		};
		4C376B481F67E92F005CAAAB /* Debug */ = {
			isa = XCBuildConfiguration;
			buildSettings = {
				ASSETCATALOG_COMPILER_APPICON_NAME = AppIcon;
				INFOPLIST_FILE = FoldingTable/Info.plist;
				LD_RUNPATH_SEARCH_PATHS = "$(inherited) @executable_path/Frameworks";
				PRODUCT_BUNDLE_IDENTIFIER = com.wolf.FoldingTable;
				PRODUCT_NAME = "$(TARGET_NAME)";
			};
			name = Debug;
		};
		4C376B491F67E92F005CAAAB /* Release */ = {
			isa = XCBuildConfiguration;
			buildSettings = {
				ASSETCATALOG_COMPILER_APPICON_NAME = AppIcon;
				INFOPLIST_FILE = FoldingTable/Info.plist;
				LD_RUNPATH_SEARCH_PATHS = "$(inherited) @executable_path/Frameworks";
				PRODUCT_BUNDLE_IDENTIFIER = com.wolf.FoldingTable;
				PRODUCT_NAME = "$(TARGET_NAME)";
			};
			name = Release;
		};
/* End XCBuildConfiguration section */

/* Begin XCConfigurationList section */
		4C376B2B1F67E92F005CAAAB /* Build configuration list for PBXProject "FoldingTable" */ = {
			isa = XCConfigurationList;
			buildConfigurations = (
				4C376B451F67E92F005CAAAB /* Debug */,
				4C376B461F67E92F005CAAAB /* Release */,
			);
			defaultConfigurationIsVisible = 0;
			defaultConfigurationName = Release;
		};
		4C376B471F67E92F005CAAAB /* Build configuration list for PBXNativeTarget "FoldingTable" */ = {
			isa = XCConfigurationList;
			buildConfigurations = (
				4C376B481F67E92F005CAAAB /* Debug */,
				4C376B491F67E92F005CAAAB /* Release */,
			);
			defaultConfigurationIsVisible = 0;
		};
/* End XCConfigurationList section */
	};
	rootObject = 4C376B281F67E92F005CAAAB /* Project object */;
}
